
Microsoft Visual Studio Solution File, Format Version 12.00
# Visual Studio Version 17
VisualStudioVersion = 17.4.33110.190
MinimumVisualStudioVersion = 10.0.40219.1
Project("{9A19103F-16F7-4668-BE54-9A1E7A4F7556}") = "DAL", "DAL\DAL.csproj", "{09AD092A-7F07-4F04-85BC-418106A65475}"
EndProject
Project("{9A19103F-16F7-4668-BE54-9A1E7A4F7556}") = "BLL", "BLL\BLL.csproj", "{B979951B-D870-42F7-A58E-29998E4BD9C8}"
EndProject
Project("{9A19103F-16F7-4668-BE54-9A1E7A4F7556}") = "DL", "DL\DL.csproj", "{57338DB1-01A7-4A13-B24E-8DFFAD1476C1}"
EndProject
Project("{FAE04EC0-301F-11D3-BF4B-00C04F79EFBC}") = "ComputerClub", "ComputerClub\ComputerClub.csproj", "{8560C325-B0B6-4EEB-B0D8-9A54164CBE5B}"
EndProject
Global
	GlobalSection(SolutionConfigurationPlatforms) = preSolution
		Debug|Any CPU = Debug|Any CPU
		Release|Any CPU = Release|Any CPU
	EndGlobalSection
	GlobalSection(ProjectConfigurationPlatforms) = postSolution
		{09AD092A-7F07-4F04-85BC-418106A65475}.Debug|Any CPU.ActiveCfg = Debug|Any CPU
		{09AD092A-7F07-4F04-85BC-418106A65475}.Debug|Any CPU.Build.0 = Debug|Any CPU
		{09AD092A-7F07-4F04-85BC-418106A65475}.Release|Any CPU.ActiveCfg = Release|Any CPU
		{09AD092A-7F07-4F04-85BC-418106A65475}.Release|Any CPU.Build.0 = Release|Any CPU
		{B979951B-D870-42F7-A58E-29998E4BD9C8}.Debug|Any CPU.ActiveCfg = Debug|Any CPU
		{B979951B-D870-42F7-A58E-29998E4BD9C8}.Debug|Any CPU.Build.0 = Debug|Any CPU
		{B979951B-D870-42F7-A58E-29998E4BD9C8}.Release|Any CPU.ActiveCfg = Release|Any CPU
		{B979951B-D870-42F7-A58E-29998E4BD9C8}.Release|Any CPU.Build.0 = Release|Any CPU
		{57338DB1-01A7-4A13-B24E-8DFFAD1476C1}.Debug|Any CPU.ActiveCfg = Debug|Any CPU
		{57338DB1-01A7-4A13-B24E-8DFFAD1476C1}.Debug|Any CPU.Build.0 = Debug|Any CPU
		{57338DB1-01A7-4A13-B24E-8DFFAD1476C1}.Release|Any CPU.ActiveCfg = Release|Any CPU
		{57338DB1-01A7-4A13-B24E-8DFFAD1476C1}.Release|Any CPU.Build.0 = Release|Any CPU
		{8560C325-B0B6-4EEB-B0D8-9A54164CBE5B}.Debug|Any CPU.ActiveCfg = Debug|Any CPU
		{8560C325-B0B6-4EEB-B0D8-9A54164CBE5B}.Debug|Any CPU.Build.0 = Debug|Any CPU
		{8560C325-B0B6-4EEB-B0D8-9A54164CBE5B}.Release|Any CPU.ActiveCfg = Release|Any CPU
		{8560C325-B0B6-4EEB-B0D8-9A54164CBE5B}.Release|Any CPU.Build.0 = Release|Any CPU
	EndGlobalSection
	GlobalSection(SolutionProperties) = preSolution
		HideSolutionNode = FALSE
	EndGlobalSection
	GlobalSection(ExtensibilityGlobals) = postSolution
		SolutionGuid = {9CF41633-FD7A-4E3D-A671-532F91B9BA55}
	EndGlobalSection
EndGlobal
