{
  "name": "ComputerClub",
  "lockfileVersion": 3,
  "requires": true,
  "packages": {
    "": {
      "dependencies": {
        "sql-highlight": "^4.4.0"
      }
    },
    "node_modules/sql-highlight": {
      "version": "4.4.0",
      "resolved": "https://registry.npmjs.org/sql-highlight/-/sql-highlight-4.4.0.tgz",
      "integrity": "sha512-/DeHb9IkH7Le5PDOXaF3+QuclZTvzEo7H99o7qlTncPJCpCZEBBGqmreIv7tRVIofoXA+2gRl2an6bzk/n2jNA==",
      "funding": [
        "https://github.com/scriptcoded/sql-highlight?sponsor=1",
        {
          "type": "github",
          "url": "https://github.com/sponsors/scriptcoded"
        }
      ],
      "engines": {
        "node": ">=14"
      }
    }
  }
}
